
Microsoft Visual Studio Solution File, Format Version 12.00
# Visual Studio Version 16
VisualStudioVersion = 16.0.32002.261
MinimumVisualStudioVersion = 10.0.40219.1
Project("{FAE04EC0-301F-11D3-BF4B-00C04F79EFBC}") = "DiagramClear", "DiagramClear.csproj", "{5B7153C6-8E26-498F-A140-D21941BAD2DC}"
EndProject
Project("{9A19103F-16F7-4668-BE54-9A1E7A4F7556}") = "Syncfusion.Blazor", "D:\BLAZ-17685-Clear-Source\Syncfusion.Blazor\Syncfusion.Blazor.csproj", "{A65CA868-E7A4-4D71-926D-E6FA0603B8F5}"
EndProject
Global
	GlobalSection(SolutionConfigurationPlatforms) = preSolution
		Debug|Any CPU = Debug|Any CPU
		Release|Any CPU = Release|Any CPU
	EndGlobalSection
	GlobalSection(ProjectConfigurationPlatforms) = postSolution
		{5B7153C6-8E26-498F-A140-D21941BAD2DC}.Debug|Any CPU.ActiveCfg = Debug|Any CPU
		{5B7153C6-8E26-498F-A140-D21941BAD2DC}.Debug|Any CPU.Build.0 = Debug|Any CPU
		{5B7153C6-8E26-498F-A140-D21941BAD2DC}.Release|Any CPU.ActiveCfg = Release|Any CPU
		{5B7153C6-8E26-498F-A140-D21941BAD2DC}.Release|Any CPU.Build.0 = Release|Any CPU
		{A65CA868-E7A4-4D71-926D-E6FA0603B8F5}.Debug|Any CPU.ActiveCfg = Debug|Any CPU
		{A65CA868-E7A4-4D71-926D-E6FA0603B8F5}.Debug|Any CPU.Build.0 = Debug|Any CPU
		{A65CA868-E7A4-4D71-926D-E6FA0603B8F5}.Release|Any CPU.ActiveCfg = Release|Any CPU
		{A65CA868-E7A4-4D71-926D-E6FA0603B8F5}.Release|Any CPU.Build.0 = Release|Any CPU
	EndGlobalSection
	GlobalSection(SolutionProperties) = preSolution
		HideSolutionNode = FALSE
	EndGlobalSection
	GlobalSection(ExtensibilityGlobals) = postSolution
		SolutionGuid = {BF34A819-2B7C-4450-B1D2-4EB8A520976D}
	EndGlobalSection
EndGlobal
